// !$*UTF8*$!
{
	archiveVersion = 1;
	classes = {
	};
	objectVersion = 50;
	objects = {

/* Begin PBXBuildFile section */
		303BFF76212D279800C0013F /* Animal.swift in Sources */ = {isa = PBXBuildFile; fileRef = 303BFF75212D279800C0013F /* Animal.swift */; };
		303BFF78212D297C00C0013F /* MainMenu.swift in Sources */ = {isa = PBXBuildFile; fileRef = 303BFF77212D297C00C0013F /* MainMenu.swift */; };
		303CB9772123C3480002D43A /* AppDelegate.swift in Sources */ = {isa = PBXBuildFile; fileRef = 303CB9762123C3480002D43A /* AppDelegate.swift */; };
		303CB97D2123C3480002D43A /* GameScene.swift in Sources */ = {isa = PBXBuildFile; fileRef = 303CB97C2123C3480002D43A /* GameScene.swift */; };
		303CB97F2123C3480002D43A /* GameViewController.swift in Sources */ = {isa = PBXBuildFile; fileRef = 303CB97E2123C3480002D43A /* GameViewController.swift */; };
		303CB9822123C3480002D43A /* Main.storyboard in Resources */ = {isa = PBXBuildFile; fileRef = 303CB9802123C3480002D43A /* Main.storyboard */; };
		303CB9842123C34A0002D43A /* Assets.xcassets in Resources */ = {isa = PBXBuildFile; fileRef = 303CB9832123C34A0002D43A /* Assets.xcassets */; };
		303CB9872123C34A0002D43A /* LaunchScreen.storyboard in Resources */ = {isa = PBXBuildFile; fileRef = 303CB9852123C34A0002D43A /* LaunchScreen.storyboard */; };
		303CB9922123C34A0002D43A /* LaserChaseTests.swift in Sources */ = {isa = PBXBuildFile; fileRef = 303CB9912123C34A0002D43A /* LaserChaseTests.swift */; };
		303CB99D2123C34A0002D43A /* LaserChaseUITests.swift in Sources */ = {isa = PBXBuildFile; fileRef = 303CB99C2123C34A0002D43A /* LaserChaseUITests.swift */; };
/* End PBXBuildFile section */

/* Begin PBXContainerItemProxy section */
		303CB98E2123C34A0002D43A /* PBXContainerItemProxy */ = {
			isa = PBXContainerItemProxy;
			containerPortal = 303CB96B2123C3480002D43A /* Project object */;
			proxyType = 1;
			remoteGlobalIDString = 303CB9722123C3480002D43A;
			remoteInfo = LaserChase;
		};
		303CB9992123C34A0002D43A /* PBXContainerItemProxy */ = {
			isa = PBXContainerItemProxy;
			containerPortal = 303CB96B2123C3480002D43A /* Project object */;
			proxyType = 1;
			remoteGlobalIDString = 303CB9722123C3480002D43A;
			remoteInfo = LaserChase;
		};
/* End PBXContainerItemProxy section */

/* Begin PBXFileReference section */
		303BFF75212D279800C0013F /* Animal.swift */ = {isa = PBXFileReference; lastKnownFileType = sourcecode.swift; path = Animal.swift; sourceTree = "<group>"; };
		303BFF77212D297C00C0013F /* MainMenu.swift */ = {isa = PBXFileReference; lastKnownFileType = sourcecode.swift; path = MainMenu.swift; sourceTree = "<group>"; };
		303CB9732123C3480002D43A /* LaserChase.app */ = {isa = PBXFileReference; explicitFileType = wrapper.application; includeInIndex = 0; path = LaserChase.app; sourceTree = BUILT_PRODUCTS_DIR; };
		303CB9762123C3480002D43A /* AppDelegate.swift */ = {isa = PBXFileReference; lastKnownFileType = sourcecode.swift; path = AppDelegate.swift; sourceTree = "<group>"; };
		303CB97C2123C3480002D43A /* GameScene.swift */ = {isa = PBXFileReference; lastKnownFileType = sourcecode.swift; path = GameScene.swift; sourceTree = "<group>"; };
		303CB97E2123C3480002D43A /* GameViewController.swift */ = {isa = PBXFileReference; lastKnownFileType = sourcecode.swift; path = GameViewController.swift; sourceTree = "<group>"; };
		303CB9812123C3480002D43A /* Base */ = {isa = PBXFileReference; lastKnownFileType = file.storyboard; name = Base; path = Base.lproj/Main.storyboard; sourceTree = "<group>"; };
		303CB9832123C34A0002D43A /* Assets.xcassets */ = {isa = PBXFileReference; lastKnownFileType = folder.assetcatalog; path = Assets.xcassets; sourceTree = "<group>"; };
		303CB9862123C34A0002D43A /* Base */ = {isa = PBXFileReference; lastKnownFileType = file.storyboard; name = Base; path = Base.lproj/LaunchScreen.storyboard; sourceTree = "<group>"; };
		303CB9882123C34A0002D43A /* Info.plist */ = {isa = PBXFileReference; lastKnownFileType = text.plist.xml; path = Info.plist; sourceTree = "<group>"; };
		303CB98D2123C34A0002D43A /* LaserChaseTests.xctest */ = {isa = PBXFileReference; explicitFileType = wrapper.cfbundle; includeInIndex = 0; path = LaserChaseTests.xctest; sourceTree = BUILT_PRODUCTS_DIR; };
		303CB9912123C34A0002D43A /* LaserChaseTests.swift */ = {isa = PBXFileReference; lastKnownFileType = sourcecode.swift; path = LaserChaseTests.swift; sourceTree = "<group>"; };
		303CB9932123C34A0002D43A /* Info.plist */ = {isa = PBXFileReference; lastKnownFileType = text.plist.xml; path = Info.plist; sourceTree = "<group>"; };
		303CB9982123C34A0002D43A /* LaserChaseUITests.xctest */ = {isa = PBXFileReference; explicitFileType = wrapper.cfbundle; includeInIndex = 0; path = LaserChaseUITests.xctest; sourceTree = BUILT_PRODUCTS_DIR; };
		303CB99C2123C34A0002D43A /* LaserChaseUITests.swift */ = {isa = PBXFileReference; lastKnownFileType = sourcecode.swift; path = LaserChaseUITests.swift; sourceTree = "<group>"; };
		303CB99E2123C34A0002D43A /* Info.plist */ = {isa = PBXFileReference; lastKnownFileType = text.plist.xml; path = Info.plist; sourceTree = "<group>"; };
/* End PBXFileReference section */

/* Begin PBXFrameworksBuildPhase section */
		303CB9702123C3480002D43A /* Frameworks */ = {
			isa = PBXFrameworksBuildPhase;
			buildActionMask = 2147483647;
			files = (
			);
			runOnlyForDeploymentPostprocessing = 0;
		};
		303CB98A2123C34A0002D43A /* Frameworks */ = {
			isa = PBXFrameworksBuildPhase;
			buildActionMask = 2147483647;
			files = (
			);
			runOnlyForDeploymentPostprocessing = 0;
		};
		303CB9952123C34A0002D43A /* Frameworks */ = {
			isa = PBXFrameworksBuildPhase;
			buildActionMask = 2147483647;
			files = (
			);
			runOnlyForDeploymentPostprocessing = 0;
		};
/* End PBXFrameworksBuildPhase section */

/* Begin PBXGroup section */
		303CB96A2123C3480002D43A = {
			isa = PBXGroup;
			children = (
				303CB9752123C3480002D43A /* LaserChase */,
				303CB9902123C34A0002D43A /* LaserChaseTests */,
				303CB99B2123C34A0002D43A /* LaserChaseUITests */,
				303CB9742123C3480002D43A /* Products */,
			);
			sourceTree = "<group>";
		};
		303CB9742123C3480002D43A /* Products */ = {
			isa = PBXGroup;
			children = (
				303CB9732123C3480002D43A /* LaserChase.app */,
				303CB98D2123C34A0002D43A /* LaserChaseTests.xctest */,
				303CB9982123C34A0002D43A /* LaserChaseUITests.xctest */,
			);
			name = Products;
			sourceTree = "<group>";
		};
		303CB9752123C3480002D43A /* LaserChase */ = {
			isa = PBXGroup;
			children = (
				303CB9762123C3480002D43A /* AppDelegate.swift */,
				303CB97C2123C3480002D43A /* GameScene.swift */,
				303CB97E2123C3480002D43A /* GameViewController.swift */,
				303CB9802123C3480002D43A /* Main.storyboard */,
				303BFF77212D297C00C0013F /* MainMenu.swift */,
				303BFF75212D279800C0013F /* Animal.swift */,
				303CB9832123C34A0002D43A /* Assets.xcassets */,
				303CB9852123C34A0002D43A /* LaunchScreen.storyboard */,
				303CB9882123C34A0002D43A /* Info.plist */,
			);
			path = LaserChase;
			sourceTree = "<group>";
		};
		303CB9902123C34A0002D43A /* LaserChaseTests */ = {
			isa = PBXGroup;
			children = (
				303CB9912123C34A0002D43A /* LaserChaseTests.swift */,
				303CB9932123C34A0002D43A /* Info.plist */,
			);
			path = LaserChaseTests;
			sourceTree = "<group>";
		};
		303CB99B2123C34A0002D43A /* LaserChaseUITests */ = {
			isa = PBXGroup;
			children = (
				303CB99C2123C34A0002D43A /* LaserChaseUITests.swift */,
				303CB99E2123C34A0002D43A /* Info.plist */,
			);
			path = LaserChaseUITests;
			sourceTree = "<group>";
		};
/* End PBXGroup section */

/* Begin PBXNativeTarget section */
		303CB9722123C3480002D43A /* LaserChase */ = {
			isa = PBXNativeTarget;
			buildConfigurationList = 303CB9A12123C34A0002D43A /* Build configuration list for PBXNativeTarget "LaserChase" */;
			buildPhases = (
				303CB96F2123C3480002D43A /* Sources */,
				303CB9702123C3480002D43A /* Frameworks */,
				303CB9712123C3480002D43A /* Resources */,
			);
			buildRules = (
			);
			dependencies = (
			);
			name = LaserChase;
			productName = LaserChase;
			productReference = 303CB9732123C3480002D43A /* LaserChase.app */;
			productType = "com.apple.product-type.application";
		};
		303CB98C2123C34A0002D43A /* LaserChaseTests */ = {
			isa = PBXNativeTarget;
			buildConfigurationList = 303CB9A42123C34A0002D43A /* Build configuration list for PBXNativeTarget "LaserChaseTests" */;
			buildPhases = (
				303CB9892123C34A0002D43A /* Sources */,
				303CB98A2123C34A0002D43A /* Frameworks */,
				303CB98B2123C34A0002D43A /* Resources */,
			);
			buildRules = (
			);
			dependencies = (
				303CB98F2123C34A0002D43A /* PBXTargetDependency */,
			);
			name = LaserChaseTests;
			productName = LaserChaseTests;
			productReference = 303CB98D2123C34A0002D43A /* LaserChaseTests.xctest */;
			productType = "com.apple.product-type.bundle.unit-test";
		};
		303CB9972123C34A0002D43A /* LaserChaseUITests */ = {
			isa = PBXNativeTarget;
			buildConfigurationList = 303CB9A72123C34A0002D43A /* Build configuration list for PBXNativeTarget "LaserChaseUITests" */;
			buildPhases = (
				303CB9942123C34A0002D43A /* Sources */,
				303CB9952123C34A0002D43A /* Frameworks */,
				303CB9962123C34A0002D43A /* Resources */,
			);
			buildRules = (
			);
			dependencies = (
				303CB99A2123C34A0002D43A /* PBXTargetDependency */,
			);
			name = LaserChaseUITests;
			productName = LaserChaseUITests;
			productReference = 303CB9982123C34A0002D43A /* LaserChaseUITests.xctest */;
			productType = "com.apple.product-type.bundle.ui-testing";
		};
/* End PBXNativeTarget section */

/* Begin PBXProject section */
		303CB96B2123C3480002D43A /* Project object */ = {
			isa = PBXProject;
			attributes = {
				LastSwiftUpdateCheck = 0940;
				LastUpgradeCheck = 0940;
				ORGANIZATIONNAME = "Justin Bengtson";
				TargetAttributes = {
					303CB9722123C3480002D43A = {
						CreatedOnToolsVersion = 9.4.1;
					};
					303CB98C2123C34A0002D43A = {
						CreatedOnToolsVersion = 9.4.1;
						TestTargetID = 303CB9722123C3480002D43A;
					};
					303CB9972123C34A0002D43A = {
						CreatedOnToolsVersion = 9.4.1;
						TestTargetID = 303CB9722123C3480002D43A;
					};
				};
			};
			buildConfigurationList = 303CB96E2123C3480002D43A /* Build configuration list for PBXProject "LaserChase" */;
			compatibilityVersion = "Xcode 9.3";
			developmentRegion = en;
			hasScannedForEncodings = 0;
			knownRegions = (
				en,
				Base,
			);
			mainGroup = 303CB96A2123C3480002D43A;
			productRefGroup = 303CB9742123C3480002D43A /* Products */;
			projectDirPath = "";
			projectRoot = "";
			targets = (
				303CB9722123C3480002D43A /* LaserChase */,
				303CB98C2123C34A0002D43A /* LaserChaseTests */,
				303CB9972123C34A0002D43A /* LaserChaseUITests */,
			);
		};
/* End PBXProject section */

/* Begin PBXResourcesBuildPhase section */
		303CB9712123C3480002D43A /* Resources */ = {
			isa = PBXResourcesBuildPhase;
			buildActionMask = 2147483647;
			files = (
				303CB9822123C3480002D43A /* Main.storyboard in Resources */,
				303CB9842123C34A0002D43A /* Assets.xcassets in Resources */,
				303CB9872123C34A0002D43A /* LaunchScreen.storyboard in Resources */,
			);
			runOnlyForDeploymentPostprocessing = 0;
		};
		303CB98B2123C34A0002D43A /* Resources */ = {
			isa = PBXResourcesBuildPhase;
			buildActionMask = 2147483647;
			files = (
			);
			runOnlyForDeploymentPostprocessing = 0;
		};
		303CB9962123C34A0002D43A /* Resources */ = {
			isa = PBXResourcesBuildPhase;
			buildActionMask = 2147483647;
			files = (
			);
			runOnlyForDeploymentPostprocessing = 0;
		};
/* End PBXResourcesBuildPhase section */

/* Begin PBXSourcesBuildPhase section */
		303CB96F2123C3480002D43A /* Sources */ = {
			isa = PBXSourcesBuildPhase;
			buildActionMask = 2147483647;
			files = (
				303BFF78212D297C00C0013F /* MainMenu.swift in Sources */,
				303CB97D2123C3480002D43A /* GameScene.swift in Sources */,
				303BFF76212D279800C0013F /* Animal.swift in Sources */,
				303CB97F2123C3480002D43A /* GameViewController.swift in Sources */,
				303CB9772123C3480002D43A /* AppDelegate.swift in Sources */,
			);
			runOnlyForDeploymentPostprocessing = 0;
		};
		303CB9892123C34A0002D43A /* Sources */ = {
			isa = PBXSourcesBuildPhase;
			buildActionMask = 2147483647;
			files = (
				303CB9922123C34A0002D43A /* LaserChaseTests.swift in Sources */,
			);
			runOnlyForDeploymentPostprocessing = 0;
		};
		303CB9942123C34A0002D43A /* Sources */ = {
			isa = PBXSourcesBuildPhase;
			buildActionMask = 2147483647;
			files = (
				303CB99D2123C34A0002D43A /* LaserChaseUITests.swift in Sources */,
			);
			runOnlyForDeploymentPostprocessing = 0;
		};
/* End PBXSourcesBuildPhase section */

/* Begin PBXTargetDependency section */
		303CB98F2123C34A0002D43A /* PBXTargetDependency */ = {
			isa = PBXTargetDependency;
			target = 303CB9722123C3480002D43A /* LaserChase */;
			targetProxy = 303CB98E2123C34A0002D43A /* PBXContainerItemProxy */;
		};
		303CB99A2123C34A0002D43A /* PBXTargetDependency */ = {
			isa = PBXTargetDependency;
			target = 303CB9722123C3480002D43A /* LaserChase */;
			targetProxy = 303CB9992123C34A0002D43A /* PBXContainerItemProxy */;
		};
/* End PBXTargetDependency section */

/* Begin PBXVariantGroup section */
		303CB9802123C3480002D43A /* Main.storyboard */ = {
			isa = PBXVariantGroup;
			children = (
				303CB9812123C3480002D43A /* Base */,
			);
			name = Main.storyboard;
			sourceTree = "<group>";
		};
		303CB9852123C34A0002D43A /* LaunchScreen.storyboard */ = {
			isa = PBXVariantGroup;
			children = (
				303CB9862123C34A0002D43A /* Base */,
			);
			name = LaunchScreen.storyboard;
			sourceTree = "<group>";
		};
/* End PBXVariantGroup section */

/* Begin XCBuildConfiguration section */
		303CB99F2123C34A0002D43A /* Debug */ = {
			isa = XCBuildConfiguration;
			buildSettings = {
				ALWAYS_SEARCH_USER_PATHS = NO;
				CLANG_ANALYZER_NONNULL = YES;
				CLANG_ANALYZER_NUMBER_OBJECT_CONVERSION = YES_AGGRESSIVE;
				CLANG_CXX_LANGUAGE_STANDARD = "gnu++14";
				CLANG_CXX_LIBRARY = "libc++";
				CLANG_ENABLE_MODULES = YES;
				CLANG_ENABLE_OBJC_ARC = YES;
				CLANG_ENABLE_OBJC_WEAK = YES;
				CLANG_WARN_BLOCK_CAPTURE_AUTORELEASING = YES;
				CLANG_WARN_BOOL_CONVERSION = YES;
				CLANG_WARN_COMMA = YES;
				CLANG_WARN_CONSTANT_CONVERSION = YES;
				CLANG_WARN_DEPRECATED_OBJC_IMPLEMENTATIONS = YES;
				CLANG_WARN_DIRECT_OBJC_ISA_USAGE = YES_ERROR;
				CLANG_WARN_DOCUMENTATION_COMMENTS = YES;
				CLANG_WARN_EMPTY_BODY = YES;
				CLANG_WARN_ENUM_CONVERSION = YES;
				CLANG_WARN_INFINITE_RECURSION = YES;
				CLANG_WARN_INT_CONVERSION = YES;
				CLANG_WARN_NON_LITERAL_NULL_CONVERSION = YES;
				CLANG_WARN_OBJC_IMPLICIT_RETAIN_SELF = YES;
				CLANG_WARN_OBJC_LITERAL_CONVERSION = YES;
				CLANG_WARN_OBJC_ROOT_CLASS = YES_ERROR;
				CLANG_WARN_RANGE_LOOP_ANALYSIS = YES;
				CLANG_WARN_STRICT_PROTOTYPES = YES;
				CLANG_WARN_SUSPICIOUS_MOVE = YES;
				CLANG_WARN_UNGUARDED_AVAILABILITY = YES_AGGRESSIVE;
				CLANG_WARN_UNREACHABLE_CODE = YES;
				CLANG_WARN__DUPLICATE_METHOD_MATCH = YES;
				CODE_SIGN_IDENTITY = "iPhone Developer";
				COPY_PHASE_STRIP = NO;
				DEBUG_INFORMATION_FORMAT = dwarf;
				ENABLE_STRICT_OBJC_MSGSEND = YES;
				ENABLE_TESTABILITY = YES;
				GCC_C_LANGUAGE_STANDARD = gnu11;
				GCC_DYNAMIC_NO_PIC = NO;
				GCC_NO_COMMON_BLOCKS = YES;
				GCC_OPTIMIZATION_LEVEL = 0;
				GCC_PREPROCESSOR_DEFINITIONS = (
					"DEBUG=1",
					"$(inherited)",
				);
				GCC_WARN_64_TO_32_BIT_CONVERSION = YES;
				GCC_WARN_ABOUT_RETURN_TYPE = YES_ERROR;
				GCC_WARN_UNDECLARED_SELECTOR = YES;
				GCC_WARN_UNINITIALIZED_AUTOS = YES_AGGRESSIVE;
				GCC_WARN_UNUSED_FUNCTION = YES;
				GCC_WARN_UNUSED_VARIABLE = YES;
				IPHONEOS_DEPLOYMENT_TARGET = 11.4;
				MTL_ENABLE_DEBUG_INFO = YES;
				ONLY_ACTIVE_ARCH = YES;
				SDKROOT = iphoneos;
				SWIFT_ACTIVE_COMPILATION_CONDITIONS = DEBUG;
				SWIFT_OPTIMIZATION_LEVEL = "-Onone";
			};
			name = Debug;
		};
		303CB9A02123C34A0002D43A /* Release */ = {
			isa = XCBuildConfiguration;
			buildSettings = {
				ALWAYS_SEARCH_USER_PATHS = NO;
				CLANG_ANALYZER_NONNULL = YES;
				CLANG_ANALYZER_NUMBER_OBJECT_CONVERSION = YES_AGGRESSIVE;
				CLANG_CXX_LANGUAGE_STANDARD = "gnu++14";
				CLANG_CXX_LIBRARY = "libc++";
				CLANG_ENABLE_MODULES = YES;
				CLANG_ENABLE_OBJC_ARC = YES;
				CLANG_ENABLE_OBJC_WEAK = YES;
				CLANG_WARN_BLOCK_CAPTURE_AUTORELEASING = YES;
				CLANG_WARN_BOOL_CONVERSION = YES;
				CLANG_WARN_COMMA = YES;
				CLANG_WARN_CONSTANT_CONVERSION = YES;
				CLANG_WARN_DEPRECATED_OBJC_IMPLEMENTATIONS = YES;
				CLANG_WARN_DIRECT_OBJC_ISA_USAGE = YES_ERROR;
				CLANG_WARN_DOCUMENTATION_COMMENTS = YES;
				CLANG_WARN_EMPTY_BODY = YES;
				CLANG_WARN_ENUM_CONVERSION = YES;
				CLANG_WARN_INFINITE_RECURSION = YES;
				CLANG_WARN_INT_CONVERSION = YES;
				CLANG_WARN_NON_LITERAL_NULL_CONVERSION = YES;
				CLANG_WARN_OBJC_IMPLICIT_RETAIN_SELF = YES;
				CLANG_WARN_OBJC_LITERAL_CONVERSION = YES;
				CLANG_WARN_OBJC_ROOT_CLASS = YES_ERROR;
				CLANG_WARN_RANGE_LOOP_ANALYSIS = YES;
				CLANG_WARN_STRICT_PROTOTYPES = YES;
				CLANG_WARN_SUSPICIOUS_MOVE = YES;
				CLANG_WARN_UNGUARDED_AVAILABILITY = YES_AGGRESSIVE;
				CLANG_WARN_UNREACHABLE_CODE = YES;
				CLANG_WARN__DUPLICATE_METHOD_MATCH = YES;
				CODE_SIGN_IDENTITY = "iPhone Developer";
				COPY_PHASE_STRIP = NO;
				DEBUG_INFORMATION_FORMAT = "dwarf-with-dsym";
				ENABLE_NS_ASSERTIONS = NO;
				ENABLE_STRICT_OBJC_MSGSEND = YES;
				GCC_C_LANGUAGE_STANDARD = gnu11;
				GCC_NO_COMMON_BLOCKS = YES;
				GCC_WARN_64_TO_32_BIT_CONVERSION = YES;
				GCC_WARN_ABOUT_RETURN_TYPE = YES_ERROR;
				GCC_WARN_UNDECLARED_SELECTOR = YES;
				GCC_WARN_UNINITIALIZED_AUTOS = YES_AGGRESSIVE;
				GCC_WARN_UNUSED_FUNCTION = YES;
				GCC_WARN_UNUSED_VARIABLE = YES;
				IPHONEOS_DEPLOYMENT_TARGET = 11.4;
				MTL_ENABLE_DEBUG_INFO = NO;
				SDKROOT = iphoneos;
				SWIFT_COMPILATION_MODE = wholemodule;
				SWIFT_OPTIMIZATION_LEVEL = "-O";
				VALIDATE_PRODUCT = YES;
			};
			name = Release;
		};
		303CB9A22123C34A0002D43A /* Debug */ = {
			isa = XCBuildConfiguration;
			buildSettings = {
				ASSETCATALOG_COMPILER_APPICON_NAME = AppIcon;
				CODE_SIGN_STYLE = Automatic;
				DEVELOPMENT_TEAM = H9AZCNDQS4;
				INFOPLIST_FILE = LaserChase/Info.plist;
				LD_RUNPATH_SEARCH_PATHS = (
					"$(inherited)",
					"@executable_path/Frameworks",
				);
				PRODUCT_BUNDLE_IDENTIFIER = "J-Beng.LaserChase";
				PRODUCT_NAME = "$(TARGET_NAME)";
				SWIFT_VERSION = 4.0;
				TARGETED_DEVICE_FAMILY = "1,2";
			};
			name = Debug;
		};
		303CB9A32123C34A0002D43A /* Release */ = {
			isa = XCBuildConfiguration;
			buildSettings = {
				ASSETCATALOG_COMPILER_APPICON_NAME = AppIcon;
				CODE_SIGN_STYLE = Automatic;
				DEVELOPMENT_TEAM = H9AZCNDQS4;
				INFOPLIST_FILE = LaserChase/Info.plist;
				LD_RUNPATH_SEARCH_PATHS = (
					"$(inherited)",
					"@executable_path/Frameworks",
				);
				PRODUCT_BUNDLE_IDENTIFIER = "J-Beng.LaserChase";
				PRODUCT_NAME = "$(TARGET_NAME)";
				SWIFT_VERSION = 4.0;
				TARGETED_DEVICE_FAMILY = "1,2";
			};
			name = Release;
		};
		303CB9A52123C34A0002D43A /* Debug */ = {
			isa = XCBuildConfiguration;
			buildSettings = {
				ALWAYS_EMBED_SWIFT_STANDARD_LIBRARIES = YES;
				BUNDLE_LOADER = "$(TEST_HOST)";
				CODE_SIGN_STYLE = Automatic;
				DEVELOPMENT_TEAM = H9AZCNDQS4;
				INFOPLIST_FILE = LaserChaseTests/Info.plist;
				LD_RUNPATH_SEARCH_PATHS = (
					"$(inherited)",
					"@executable_path/Frameworks",
					"@loader_path/Frameworks",
				);
				PRODUCT_BUNDLE_IDENTIFIER = "J-Beng.LaserChaseTests";
				PRODUCT_NAME = "$(TARGET_NAME)";
				SWIFT_VERSION = 4.0;
				TARGETED_DEVICE_FAMILY = "1,2";
				TEST_HOST = "$(BUILT_PRODUCTS_DIR)/LaserChase.app/LaserChase";
			};
			name = Debug;
		};
		303CB9A62123C34A0002D43A /* Release */ = {
			isa = XCBuildConfiguration;
			buildSettings = {
				ALWAYS_EMBED_SWIFT_STANDARD_LIBRARIES = YES;
				BUNDLE_LOADER = "$(TEST_HOST)";
				CODE_SIGN_STYLE = Automatic;
				DEVELOPMENT_TEAM = H9AZCNDQS4;
				INFOPLIST_FILE = LaserChaseTests/Info.plist;
				LD_RUNPATH_SEARCH_PATHS = (
					"$(inherited)",
					"@executable_path/Frameworks",
					"@loader_path/Frameworks",
				);
				PRODUCT_BUNDLE_IDENTIFIER = "J-Beng.LaserChaseTests";
				PRODUCT_NAME = "$(TARGET_NAME)";
				SWIFT_VERSION = 4.0;
				TARGETED_DEVICE_FAMILY = "1,2";
				TEST_HOST = "$(BUILT_PRODUCTS_DIR)/LaserChase.app/LaserChase";
			};
			name = Release;
		};
		303CB9A82123C34A0002D43A /* Debug */ = {
			isa = XCBuildConfiguration;
			buildSettings = {
				ALWAYS_EMBED_SWIFT_STANDARD_LIBRARIES = YES;
				CODE_SIGN_STYLE = Automatic;
				DEVELOPMENT_TEAM = H9AZCNDQS4;
				INFOPLIST_FILE = LaserChaseUITests/Info.plist;
				LD_RUNPATH_SEARCH_PATHS = (
					"$(inherited)",
					"@executable_path/Frameworks",
					"@loader_path/Frameworks",
				);
				PRODUCT_BUNDLE_IDENTIFIER = "J-Beng.LaserChaseUITests";
				PRODUCT_NAME = "$(TARGET_NAME)";
				SWIFT_VERSION = 4.0;
				TARGETED_DEVICE_FAMILY = "1,2";
				TEST_TARGET_NAME = LaserChase;
			};
			name = Debug;
		};
		303CB9A92123C34A0002D43A /* Release */ = {
			isa = XCBuildConfiguration;
			buildSettings = {
				ALWAYS_EMBED_SWIFT_STANDARD_LIBRARIES = YES;
				CODE_SIGN_STYLE = Automatic;
				DEVELOPMENT_TEAM = H9AZCNDQS4;
				INFOPLIST_FILE = LaserChaseUITests/Info.plist;
				LD_RUNPATH_SEARCH_PATHS = (
					"$(inherited)",
					"@executable_path/Frameworks",
					"@loader_path/Frameworks",
				);
				PRODUCT_BUNDLE_IDENTIFIER = "J-Beng.LaserChaseUITests";
				PRODUCT_NAME = "$(TARGET_NAME)";
				SWIFT_VERSION = 4.0;
				TARGETED_DEVICE_FAMILY = "1,2";
				TEST_TARGET_NAME = LaserChase;
			};
			name = Release;
		};
/* End XCBuildConfiguration section */

/* Begin XCConfigurationList section */
		303CB96E2123C3480002D43A /* Build configuration list for PBXProject "LaserChase" */ = {
			isa = XCConfigurationList;
			buildConfigurations = (
				303CB99F2123C34A0002D43A /* Debug */,
				303CB9A02123C34A0002D43A /* Release */,
			);
			defaultConfigurationIsVisible = 0;
			defaultConfigurationName = Release;
		};
		303CB9A12123C34A0002D43A /* Build configuration list for PBXNativeTarget "LaserChase" */ = {
			isa = XCConfigurationList;
			buildConfigurations = (
				303CB9A22123C34A0002D43A /* Debug */,
				303CB9A32123C34A0002D43A /* Release */,
			);
			defaultConfigurationIsVisible = 0;
			defaultConfigurationName = Release;
		};
		303CB9A42123C34A0002D43A /* Build configuration list for PBXNativeTarget "LaserChaseTests" */ = {
			isa = XCConfigurationList;
			buildConfigurations = (
				303CB9A52123C34A0002D43A /* Debug */,
				303CB9A62123C34A0002D43A /* Release */,
			);
			defaultConfigurationIsVisible = 0;
			defaultConfigurationName = Release;
		};
		303CB9A72123C34A0002D43A /* Build configuration list for PBXNativeTarget "LaserChaseUITests" */ = {
			isa = XCConfigurationList;
			buildConfigurations = (
				303CB9A82123C34A0002D43A /* Debug */,
				303CB9A92123C34A0002D43A /* Release */,
			);
			defaultConfigurationIsVisible = 0;
			defaultConfigurationName = Release;
		};
/* End XCConfigurationList section */
	};
	rootObject = 303CB96B2123C3480002D43A /* Project object */;
}
